
Microsoft Visual Studio Solution File, Format Version 12.00
# Visual Studio Version 17
VisualStudioVersion = 17.8.34511.84
MinimumVisualStudioVersion = 10.0.40219.1
Project("{FAE04EC0-301F-11D3-BF4B-00C04F79EFBC}") = "EDS", "EDS\EDS.csproj", "{1FBB87CB-2372-4D13-B2E3-FF87A46E6D03}"
EndProject
Project("{FAE04EC0-301F-11D3-BF4B-00C04F79EFBC}") = "MockupDesignTest", "MockupDesign\MockupDesignTest.csproj", "{1D4FDB63-7DA7-481F-AA4F-FDA8EEB7374D}"
EndProject
Project("{FAE04EC0-301F-11D3-BF4B-00C04F79EFBC}") = "ResourceLib", "ResourceLib\ResourceLib.csproj", "{3286A3C1-9376-4611-B266-84AD0DB977BE}"
EndProject
Project("{F184B08F-C81C-45F6-A57F-5ABD9991F28F}") = "Zoom", "Zoom\Zoom.vbproj", "{3FD6929B-968B-4CD2-A275-89CC6E708F02}"
EndProject
Project("{FAE04EC0-301F-11D3-BF4B-00C04F79EFBC}") = "ToggleSwitch", "EDS\ToggleSwitch\ToggleSwitch.csproj", "{49B88FFA-F02C-4709-BA65-9F8996444ECD}"
EndProject
Project("{930C7802-8A8C-48F9-8165-68863BCCD9DD}") = "EDS_GLOBAL", "EDS_GLOBAL\EDS_GLOBAL.wixproj", "{60B8D6D8-4A42-402D-A8A9-3584818512E0}"
EndProject
Project("{FAE04EC0-301F-11D3-BF4B-00C04F79EFBC}") = "CustomAction", "CustomAction\CustomAction.csproj", "{421B1689-5C30-461C-B455-1D1E159DFF59}"
EndProject
Global
	GlobalSection(SolutionConfigurationPlatforms) = preSolution
		Debug|Any CPU = Debug|Any CPU
		Debug|x86 = Debug|x86
		Release|Any CPU = Release|Any CPU
		Release|x86 = Release|x86
	EndGlobalSection
	GlobalSection(ProjectConfigurationPlatforms) = postSolution
		{1FBB87CB-2372-4D13-B2E3-FF87A46E6D03}.Debug|Any CPU.ActiveCfg = Debug|Any CPU
		{1FBB87CB-2372-4D13-B2E3-FF87A46E6D03}.Debug|Any CPU.Build.0 = Debug|Any CPU
		{1FBB87CB-2372-4D13-B2E3-FF87A46E6D03}.Debug|x86.ActiveCfg = Debug|Any CPU
		{1FBB87CB-2372-4D13-B2E3-FF87A46E6D03}.Debug|x86.Build.0 = Debug|Any CPU
		{1FBB87CB-2372-4D13-B2E3-FF87A46E6D03}.Release|Any CPU.ActiveCfg = Release|Any CPU
		{1FBB87CB-2372-4D13-B2E3-FF87A46E6D03}.Release|Any CPU.Build.0 = Release|Any CPU
		{1FBB87CB-2372-4D13-B2E3-FF87A46E6D03}.Release|x86.ActiveCfg = Release|Any CPU
		{1FBB87CB-2372-4D13-B2E3-FF87A46E6D03}.Release|x86.Build.0 = Release|Any CPU
		{1D4FDB63-7DA7-481F-AA4F-FDA8EEB7374D}.Debug|Any CPU.ActiveCfg = Debug|Any CPU
		{1D4FDB63-7DA7-481F-AA4F-FDA8EEB7374D}.Debug|Any CPU.Build.0 = Debug|Any CPU
		{1D4FDB63-7DA7-481F-AA4F-FDA8EEB7374D}.Debug|x86.ActiveCfg = Debug|Any CPU
		{1D4FDB63-7DA7-481F-AA4F-FDA8EEB7374D}.Debug|x86.Build.0 = Debug|Any CPU
		{1D4FDB63-7DA7-481F-AA4F-FDA8EEB7374D}.Release|Any CPU.ActiveCfg = Release|Any CPU
		{1D4FDB63-7DA7-481F-AA4F-FDA8EEB7374D}.Release|Any CPU.Build.0 = Release|Any CPU
		{1D4FDB63-7DA7-481F-AA4F-FDA8EEB7374D}.Release|x86.ActiveCfg = Release|Any CPU
		{1D4FDB63-7DA7-481F-AA4F-FDA8EEB7374D}.Release|x86.Build.0 = Release|Any CPU
		{3286A3C1-9376-4611-B266-84AD0DB977BE}.Debug|Any CPU.ActiveCfg = Debug|Any CPU
		{3286A3C1-9376-4611-B266-84AD0DB977BE}.Debug|Any CPU.Build.0 = Debug|Any CPU
		{3286A3C1-9376-4611-B266-84AD0DB977BE}.Debug|x86.ActiveCfg = Debug|Any CPU
		{3286A3C1-9376-4611-B266-84AD0DB977BE}.Debug|x86.Build.0 = Debug|Any CPU
		{3286A3C1-9376-4611-B266-84AD0DB977BE}.Release|Any CPU.ActiveCfg = Release|Any CPU
		{3286A3C1-9376-4611-B266-84AD0DB977BE}.Release|Any CPU.Build.0 = Release|Any CPU
		{3286A3C1-9376-4611-B266-84AD0DB977BE}.Release|x86.ActiveCfg = Release|Any CPU
		{3286A3C1-9376-4611-B266-84AD0DB977BE}.Release|x86.Build.0 = Release|Any CPU
		{3FD6929B-968B-4CD2-A275-89CC6E708F02}.Debug|Any CPU.ActiveCfg = Debug|Any CPU
		{3FD6929B-968B-4CD2-A275-89CC6E708F02}.Debug|Any CPU.Build.0 = Debug|Any CPU
		{3FD6929B-968B-4CD2-A275-89CC6E708F02}.Debug|x86.ActiveCfg = Debug|Any CPU
		{3FD6929B-968B-4CD2-A275-89CC6E708F02}.Debug|x86.Build.0 = Debug|Any CPU
		{3FD6929B-968B-4CD2-A275-89CC6E708F02}.Release|Any CPU.ActiveCfg = Release|Any CPU
		{3FD6929B-968B-4CD2-A275-89CC6E708F02}.Release|Any CPU.Build.0 = Release|Any CPU
		{3FD6929B-968B-4CD2-A275-89CC6E708F02}.Release|x86.ActiveCfg = Release|Any CPU
		{3FD6929B-968B-4CD2-A275-89CC6E708F02}.Release|x86.Build.0 = Release|Any CPU
		{49B88FFA-F02C-4709-BA65-9F8996444ECD}.Debug|Any CPU.ActiveCfg = Debug|Any CPU
		{49B88FFA-F02C-4709-BA65-9F8996444ECD}.Debug|Any CPU.Build.0 = Debug|Any CPU
		{49B88FFA-F02C-4709-BA65-9F8996444ECD}.Debug|x86.ActiveCfg = Debug|Any CPU
		{49B88FFA-F02C-4709-BA65-9F8996444ECD}.Debug|x86.Build.0 = Debug|Any CPU
		{49B88FFA-F02C-4709-BA65-9F8996444ECD}.Release|Any CPU.ActiveCfg = Release|Any CPU
		{49B88FFA-F02C-4709-BA65-9F8996444ECD}.Release|Any CPU.Build.0 = Release|Any CPU
		{49B88FFA-F02C-4709-BA65-9F8996444ECD}.Release|x86.ActiveCfg = Release|Any CPU
		{49B88FFA-F02C-4709-BA65-9F8996444ECD}.Release|x86.Build.0 = Release|Any CPU
		{60B8D6D8-4A42-402D-A8A9-3584818512E0}.Debug|Any CPU.ActiveCfg = Debug|x86
		{60B8D6D8-4A42-402D-A8A9-3584818512E0}.Debug|x86.ActiveCfg = Debug|x86
		{60B8D6D8-4A42-402D-A8A9-3584818512E0}.Debug|x86.Build.0 = Debug|x86
		{60B8D6D8-4A42-402D-A8A9-3584818512E0}.Release|Any CPU.ActiveCfg = Release|x86
		{60B8D6D8-4A42-402D-A8A9-3584818512E0}.Release|Any CPU.Build.0 = Release|x86
		{60B8D6D8-4A42-402D-A8A9-3584818512E0}.Release|x86.ActiveCfg = Release|x86
		{60B8D6D8-4A42-402D-A8A9-3584818512E0}.Release|x86.Build.0 = Release|x86
		{421B1689-5C30-461C-B455-1D1E159DFF59}.Debug|Any CPU.ActiveCfg = Debug|x86
		{421B1689-5C30-461C-B455-1D1E159DFF59}.Debug|Any CPU.Build.0 = Debug|x86
		{421B1689-5C30-461C-B455-1D1E159DFF59}.Debug|x86.ActiveCfg = Debug|x86
		{421B1689-5C30-461C-B455-1D1E159DFF59}.Debug|x86.Build.0 = Debug|x86
		{421B1689-5C30-461C-B455-1D1E159DFF59}.Release|Any CPU.ActiveCfg = Release|x86
		{421B1689-5C30-461C-B455-1D1E159DFF59}.Release|Any CPU.Build.0 = Release|x86
		{421B1689-5C30-461C-B455-1D1E159DFF59}.Release|x86.ActiveCfg = Release|x86
		{421B1689-5C30-461C-B455-1D1E159DFF59}.Release|x86.Build.0 = Release|x86
	EndGlobalSection
	GlobalSection(SolutionProperties) = preSolution
		HideSolutionNode = FALSE
	EndGlobalSection
	GlobalSection(ExtensibilityGlobals) = postSolution
		SolutionGuid = {F06E8BBB-322C-47A4-BB37-BEAFAFA3E36B}
	EndGlobalSection
EndGlobal
